
Microsoft Visual Studio Solution File, Format Version 12.00
# Visual Studio Version 17
VisualStudioVersion = 17.13.35931.197 d17.13
MinimumVisualStudioVersion = 10.0.40219.1
Project("{FAE04EC0-301F-11D3-BF4B-00C04F79EFBC}") = "Quanlycafe", "Quanlycafe\Quanlycafe.csproj", "{DE14908A-B534-4AE2-A848-8A7C209AF3A5}"
EndProject
Global
	GlobalSection(SolutionConfigurationPlatforms) = preSolution
		Debug|Any CPU = Debug|Any CPU
		Release|Any CPU = Release|Any CPU
	EndGlobalSection
	GlobalSection(ProjectConfigurationPlatforms) = postSolution
		{DE14908A-B534-4AE2-A848-8A7C209AF3A5}.Debug|Any CPU.ActiveCfg = Debug|Any CPU
		{DE14908A-B534-4AE2-A848-8A7C209AF3A5}.Debug|Any CPU.Build.0 = Debug|Any CPU
		{DE14908A-B534-4AE2-A848-8A7C209AF3A5}.Release|Any CPU.ActiveCfg = Release|Any CPU
		{DE14908A-B534-4AE2-A848-8A7C209AF3A5}.Release|Any CPU.Build.0 = Release|Any CPU
	EndGlobalSection
	GlobalSection(SolutionProperties) = preSolution
		HideSolutionNode = FALSE
	EndGlobalSection
	GlobalSection(ExtensibilityGlobals) = postSolution
		SolutionGuid = {BD1A3A6B-DDA5-47E5-AA78-F0B42D583D00}
	EndGlobalSection
EndGlobal
